
Microsoft Visual Studio Solution File, Format Version 12.00
# Visual Studio 15
Project("{FAE04EC0-301F-11D3-BF4B-00C04F79EFBC}") = "Assembly-CSharp", "Assembly-CSharp.csproj", "{03AD49A3-D82C-E4B2-1E56-6B3819DEF173}"
EndProject
Project("{FAE04EC0-301F-11D3-BF4B-00C04F79EFBC}") = "Assembly-CSharp-Editor", "Assembly-CSharp-Editor.csproj", "{9C4EA6BD-4099-BFA3-0EE6-BD70F1468342}"
EndProject
Global
	GlobalSection(SolutionConfigurationPlatforms) = preSolution
		Debug|Any CPU = Debug|Any CPU
		Release|Any CPU = Release|Any CPU
	EndGlobalSection
	GlobalSection(ProjectConfigurationPlatforms) = postSolution
		{03AD49A3-D82C-E4B2-1E56-6B3819DEF173}.Debug|Any CPU.ActiveCfg = Debug|Any CPU
		{03AD49A3-D82C-E4B2-1E56-6B3819DEF173}.Debug|Any CPU.Build.0 = Debug|Any CPU
		{03AD49A3-D82C-E4B2-1E56-6B3819DEF173}.Release|Any CPU.ActiveCfg = Release|Any CPU
		{03AD49A3-D82C-E4B2-1E56-6B3819DEF173}.Release|Any CPU.Build.0 = Release|Any CPU
		{9C4EA6BD-4099-BFA3-0EE6-BD70F1468342}.Debug|Any CPU.ActiveCfg = Debug|Any CPU
		{9C4EA6BD-4099-BFA3-0EE6-BD70F1468342}.Debug|Any CPU.Build.0 = Debug|Any CPU
		{9C4EA6BD-4099-BFA3-0EE6-BD70F1468342}.Release|Any CPU.ActiveCfg = Release|Any CPU
		{9C4EA6BD-4099-BFA3-0EE6-BD70F1468342}.Release|Any CPU.Build.0 = Release|Any CPU
	EndGlobalSection
	GlobalSection(SolutionProperties) = preSolution
		HideSolutionNode = FALSE
	EndGlobalSection
EndGlobal
